
Microsoft Visual Studio Solution File, Format Version 12.00
# Visual Studio 15
VisualStudioVersion = 15.0.27428.2043
MinimumVisualStudioVersion = 10.0.40219.1
Project("{FAE04EC0-301F-11D3-BF4B-00C04F79EFBC}") = "Lab6", "Lab6\Lab6.csproj", "{22BD2052-AA06-4B0F-A3FE-B29E5274BF7E}"
EndProject
Project("{FAE04EC0-301F-11D3-BF4B-00C04F79EFBC}") = "Lab6Library", "Lab6Library\Lab6Library.csproj", "{6A03E036-4E6A-48B5-A811-372F19873A70}"
EndProject
Global
	GlobalSection(SolutionConfigurationPlatforms) = preSolution
		Debug|Any CPU = Debug|Any CPU
		Release|Any CPU = Release|Any CPU
	EndGlobalSection
	GlobalSection(ProjectConfigurationPlatforms) = postSolution
		{22BD2052-AA06-4B0F-A3FE-B29E5274BF7E}.Debug|Any CPU.ActiveCfg = Debug|Any CPU
		{22BD2052-AA06-4B0F-A3FE-B29E5274BF7E}.Debug|Any CPU.Build.0 = Debug|Any CPU
		{22BD2052-AA06-4B0F-A3FE-B29E5274BF7E}.Release|Any CPU.ActiveCfg = Release|Any CPU
		{22BD2052-AA06-4B0F-A3FE-B29E5274BF7E}.Release|Any CPU.Build.0 = Release|Any CPU
		{6A03E036-4E6A-48B5-A811-372F19873A70}.Debug|Any CPU.ActiveCfg = Debug|Any CPU
		{6A03E036-4E6A-48B5-A811-372F19873A70}.Debug|Any CPU.Build.0 = Debug|Any CPU
		{6A03E036-4E6A-48B5-A811-372F19873A70}.Release|Any CPU.ActiveCfg = Release|Any CPU
		{6A03E036-4E6A-48B5-A811-372F19873A70}.Release|Any CPU.Build.0 = Release|Any CPU
	EndGlobalSection
	GlobalSection(SolutionProperties) = preSolution
		HideSolutionNode = FALSE
	EndGlobalSection
	GlobalSection(ExtensibilityGlobals) = postSolution
		SolutionGuid = {0CC08A14-761D-43CD-A910-DAD46F8FF007}
	EndGlobalSection
EndGlobal
